
Microsoft Visual Studio Solution File, Format Version 12.00
# Visual Studio 15
VisualStudioVersion = 15.0.26730.16
MinimumVisualStudioVersion = 10.0.40219.1
Project("{888888A0-9F3D-457C-B088-3A5042F75D52}") = "Problem 5", "Problem 5\Problem 5.pyproj", "{C5291A93-6A47-400B-B206-1FC0A7A58743}"
EndProject
Global
	GlobalSection(SolutionConfigurationPlatforms) = preSolution
		Debug|Any CPU = Debug|Any CPU
		Release|Any CPU = Release|Any CPU
	EndGlobalSection
	GlobalSection(ProjectConfigurationPlatforms) = postSolution
		{C5291A93-6A47-400B-B206-1FC0A7A58743}.Debug|Any CPU.ActiveCfg = Debug|Any CPU
		{C5291A93-6A47-400B-B206-1FC0A7A58743}.Release|Any CPU.ActiveCfg = Release|Any CPU
	EndGlobalSection
	GlobalSection(SolutionProperties) = preSolution
		HideSolutionNode = FALSE
	EndGlobalSection
	GlobalSection(ExtensibilityGlobals) = postSolution
		SolutionGuid = {F4BC450F-FD9F-444F-945C-904A80572C32}
	EndGlobalSection
EndGlobal
