
Microsoft Visual Studio Solution File, Format Version 12.00
# Visual Studio 15
VisualStudioVersion = 15.0.26730.16
MinimumVisualStudioVersion = 10.0.40219.1
Project("{888888A0-9F3D-457C-B088-3A5042F75D52}") = "Problem 9", "Problem 9\Problem 9.pyproj", "{028296A8-DD46-4F00-9EAF-65E1080C88CE}"
EndProject
Global
	GlobalSection(SolutionConfigurationPlatforms) = preSolution
		Debug|Any CPU = Debug|Any CPU
		Release|Any CPU = Release|Any CPU
	EndGlobalSection
	GlobalSection(ProjectConfigurationPlatforms) = postSolution
		{028296A8-DD46-4F00-9EAF-65E1080C88CE}.Debug|Any CPU.ActiveCfg = Debug|Any CPU
		{028296A8-DD46-4F00-9EAF-65E1080C88CE}.Release|Any CPU.ActiveCfg = Release|Any CPU
	EndGlobalSection
	GlobalSection(SolutionProperties) = preSolution
		HideSolutionNode = FALSE
	EndGlobalSection
	GlobalSection(ExtensibilityGlobals) = postSolution
		SolutionGuid = {0CACD85A-6C57-44A9-9139-9FB81B38FD9F}
	EndGlobalSection
EndGlobal
